// !$*UTF8*$!
{
	archiveVersion = 1;
	classes = {
	};
	objectVersion = 56;
	objects = {

/* Begin PBXBuildFile section */
		211869132C52D0E800A1918C /* AppDelegate.swift in Sources */ = {isa = PBXBuildFile; fileRef = 211869122C52D0E800A1918C /* AppDelegate.swift */; };
		211869152C52D0E800A1918C /* SceneDelegate.swift in Sources */ = {isa = PBXBuildFile; fileRef = 211869142C52D0E800A1918C /* SceneDelegate.swift */; };
		2118691A2C52D0E800A1918C /* Base in Resources */ = {isa = PBXBuildFile; fileRef = 211869192C52D0E800A1918C /* Base */; };
		2118691D2C52D0E800A1918C /* ToDO.xcdatamodeld in Sources */ = {isa = PBXBuildFile; fileRef = 2118691B2C52D0E800A1918C /* ToDO.xcdatamodeld */; };
		2118691F2C52D0EA00A1918C /* Assets.xcassets in Resources */ = {isa = PBXBuildFile; fileRef = 2118691E2C52D0EA00A1918C /* Assets.xcassets */; };
		211869222C52D0EA00A1918C /* Base in Resources */ = {isa = PBXBuildFile; fileRef = 211869212C52D0EA00A1918C /* Base */; };
		2118692A2C52D19300A1918C /* CoreDataManeger.swift in Sources */ = {isa = PBXBuildFile; fileRef = 211869292C52D19300A1918C /* CoreDataManeger.swift */; };
		211869382C52D55A00A1918C /* TasksTableViewController.swift in Sources */ = {isa = PBXBuildFile; fileRef = 211869372C52D55A00A1918C /* TasksTableViewController.swift */; };
/* End PBXBuildFile section */

/* Begin PBXFileReference section */
		2118690F2C52D0E800A1918C /* ToDO.app */ = {isa = PBXFileReference; explicitFileType = wrapper.application; includeInIndex = 0; path = ToDO.app; sourceTree = BUILT_PRODUCTS_DIR; };
		211869122C52D0E800A1918C /* AppDelegate.swift */ = {isa = PBXFileReference; lastKnownFileType = sourcecode.swift; path = AppDelegate.swift; sourceTree = "<group>"; };
		211869142C52D0E800A1918C /* SceneDelegate.swift */ = {isa = PBXFileReference; lastKnownFileType = sourcecode.swift; path = SceneDelegate.swift; sourceTree = "<group>"; };
		211869192C52D0E800A1918C /* Base */ = {isa = PBXFileReference; lastKnownFileType = file.storyboard; name = Base; path = Base.lproj/Main.storyboard; sourceTree = "<group>"; };
		2118691C2C52D0E800A1918C /* ToDO.xcdatamodel */ = {isa = PBXFileReference; lastKnownFileType = wrapper.xcdatamodel; path = ToDO.xcdatamodel; sourceTree = "<group>"; };
		2118691E2C52D0EA00A1918C /* Assets.xcassets */ = {isa = PBXFileReference; lastKnownFileType = folder.assetcatalog; path = Assets.xcassets; sourceTree = "<group>"; };
		211869212C52D0EA00A1918C /* Base */ = {isa = PBXFileReference; lastKnownFileType = file.storyboard; name = Base; path = Base.lproj/LaunchScreen.storyboard; sourceTree = "<group>"; };
		211869232C52D0EA00A1918C /* Info.plist */ = {isa = PBXFileReference; lastKnownFileType = text.plist.xml; path = Info.plist; sourceTree = "<group>"; };
		211869292C52D19300A1918C /* CoreDataManeger.swift */ = {isa = PBXFileReference; lastKnownFileType = sourcecode.swift; path = CoreDataManeger.swift; sourceTree = "<group>"; };
		211869372C52D55A00A1918C /* TasksTableViewController.swift */ = {isa = PBXFileReference; lastKnownFileType = sourcecode.swift; path = TasksTableViewController.swift; sourceTree = "<group>"; };
/* End PBXFileReference section */

/* Begin PBXFrameworksBuildPhase section */
		2118690C2C52D0E800A1918C /* Frameworks */ = {
			isa = PBXFrameworksBuildPhase;
			buildActionMask = 2147483647;
			files = (
			);
			runOnlyForDeploymentPostprocessing = 0;
		};
/* End PBXFrameworksBuildPhase section */

/* Begin PBXGroup section */
		211869062C52D0E800A1918C = {
			isa = PBXGroup;
			children = (
				211869112C52D0E800A1918C /* ToDO */,
				211869102C52D0E800A1918C /* Products */,
			);
			sourceTree = "<group>";
		};
		211869102C52D0E800A1918C /* Products */ = {
			isa = PBXGroup;
			children = (
				2118690F2C52D0E800A1918C /* ToDO.app */,
			);
			name = Products;
			sourceTree = "<group>";
		};
		211869112C52D0E800A1918C /* ToDO */ = {
			isa = PBXGroup;
			children = (
				211869122C52D0E800A1918C /* AppDelegate.swift */,
				211869142C52D0E800A1918C /* SceneDelegate.swift */,
				211869182C52D0E800A1918C /* Main.storyboard */,
				2118691E2C52D0EA00A1918C /* Assets.xcassets */,
				211869202C52D0EA00A1918C /* LaunchScreen.storyboard */,
				211869232C52D0EA00A1918C /* Info.plist */,
				2118691B2C52D0E800A1918C /* ToDO.xcdatamodeld */,
				211869292C52D19300A1918C /* CoreDataManeger.swift */,
				211869372C52D55A00A1918C /* TasksTableViewController.swift */,
			);
			path = ToDO;
			sourceTree = "<group>";
		};
/* End PBXGroup section */

/* Begin PBXNativeTarget section */
		2118690E2C52D0E800A1918C /* ToDO */ = {
			isa = PBXNativeTarget;
			buildConfigurationList = 211869262C52D0EA00A1918C /* Build configuration list for PBXNativeTarget "ToDO" */;
			buildPhases = (
				2118690B2C52D0E800A1918C /* Sources */,
				2118690C2C52D0E800A1918C /* Frameworks */,
				2118690D2C52D0E800A1918C /* Resources */,
			);
			buildRules = (
			);
			dependencies = (
			);
			name = ToDO;
			productName = ToDO;
			productReference = 2118690F2C52D0E800A1918C /* ToDO.app */;
			productType = "com.apple.product-type.application";
		};
/* End PBXNativeTarget section */

/* Begin PBXProject section */
		211869072C52D0E800A1918C /* Project object */ = {
			isa = PBXProject;
			attributes = {
				BuildIndependentTargetsInParallel = 1;
				LastSwiftUpdateCheck = 1540;
				LastUpgradeCheck = 1540;
				TargetAttributes = {
					2118690E2C52D0E800A1918C = {
						CreatedOnToolsVersion = 15.4;
					};
				};
			};
			buildConfigurationList = 2118690A2C52D0E800A1918C /* Build configuration list for PBXProject "ToDO" */;
			compatibilityVersion = "Xcode 14.0";
			developmentRegion = en;
			hasScannedForEncodings = 0;
			knownRegions = (
				en,
				Base,
			);
			mainGroup = 211869062C52D0E800A1918C;
			productRefGroup = 211869102C52D0E800A1918C /* Products */;
			projectDirPath = "";
			projectRoot = "";
			targets = (
				2118690E2C52D0E800A1918C /* ToDO */,
			);
		};
/* End PBXProject section */

/* Begin PBXResourcesBuildPhase section */
		2118690D2C52D0E800A1918C /* Resources */ = {
			isa = PBXResourcesBuildPhase;
			buildActionMask = 2147483647;
			files = (
				2118691F2C52D0EA00A1918C /* Assets.xcassets in Resources */,
				211869222C52D0EA00A1918C /* Base in Resources */,
				2118691A2C52D0E800A1918C /* Base in Resources */,
			);
			runOnlyForDeploymentPostprocessing = 0;
		};
/* End PBXResourcesBuildPhase section */

/* Begin PBXSourcesBuildPhase section */
		2118690B2C52D0E800A1918C /* Sources */ = {
			isa = PBXSourcesBuildPhase;
			buildActionMask = 2147483647;
			files = (
				211869132C52D0E800A1918C /* AppDelegate.swift in Sources */,
				211869382C52D55A00A1918C /* TasksTableViewController.swift in Sources */,
				211869152C52D0E800A1918C /* SceneDelegate.swift in Sources */,
				2118691D2C52D0E800A1918C /* ToDO.xcdatamodeld in Sources */,
				2118692A2C52D19300A1918C /* CoreDataManeger.swift in Sources */,
			);
			runOnlyForDeploymentPostprocessing = 0;
		};
/* End PBXSourcesBuildPhase section */

/* Begin PBXVariantGroup section */
		211869182C52D0E800A1918C /* Main.storyboard */ = {
			isa = PBXVariantGroup;
			children = (
				211869192C52D0E800A1918C /* Base */,
			);
			name = Main.storyboard;
			sourceTree = "<group>";
		};
		211869202C52D0EA00A1918C /* LaunchScreen.storyboard */ = {
			isa = PBXVariantGroup;
			children = (
				211869212C52D0EA00A1918C /* Base */,
			);
			name = LaunchScreen.storyboard;
			sourceTree = "<group>";
		};
/* End PBXVariantGroup section */

/* Begin XCBuildConfiguration section */
		211869242C52D0EA00A1918C /* Debug */ = {
			isa = XCBuildConfiguration;
			buildSettings = {
				ALWAYS_SEARCH_USER_PATHS = NO;
				ASSETCATALOG_COMPILER_GENERATE_SWIFT_ASSET_SYMBOL_EXTENSIONS = YES;
				CLANG_ANALYZER_NONNULL = YES;
				CLANG_ANALYZER_NUMBER_OBJECT_CONVERSION = YES_AGGRESSIVE;
				CLANG_CXX_LANGUAGE_STANDARD = "gnu++20";
				CLANG_ENABLE_MODULES = YES;
				CLANG_ENABLE_OBJC_ARC = YES;
				CLANG_ENABLE_OBJC_WEAK = YES;
				CLANG_WARN_BLOCK_CAPTURE_AUTORELEASING = YES;
				CLANG_WARN_BOOL_CONVERSION = YES;
				CLANG_WARN_COMMA = YES;
				CLANG_WARN_CONSTANT_CONVERSION = YES;
				CLANG_WARN_DEPRECATED_OBJC_IMPLEMENTATIONS = YES;
				CLANG_WARN_DIRECT_OBJC_ISA_USAGE = YES_ERROR;
				CLANG_WARN_DOCUMENTATION_COMMENTS = YES;
				CLANG_WARN_EMPTY_BODY = YES;
				CLANG_WARN_ENUM_CONVERSION = YES;
				CLANG_WARN_INFINITE_RECURSION = YES;
				CLANG_WARN_INT_CONVERSION = YES;
				CLANG_WARN_NON_LITERAL_NULL_CONVERSION = YES;
				CLANG_WARN_OBJC_IMPLICIT_RETAIN_SELF = YES;
				CLANG_WARN_OBJC_LITERAL_CONVERSION = YES;
				CLANG_WARN_OBJC_ROOT_CLASS = YES_ERROR;
				CLANG_WARN_QUOTED_INCLUDE_IN_FRAMEWORK_HEADER = YES;
				CLANG_WARN_RANGE_LOOP_ANALYSIS = YES;
				CLANG_WARN_STRICT_PROTOTYPES = YES;
				CLANG_WARN_SUSPICIOUS_MOVE = YES;
				CLANG_WARN_UNGUARDED_AVAILABILITY = YES_AGGRESSIVE;
				CLANG_WARN_UNREACHABLE_CODE = YES;
				CLANG_WARN__DUPLICATE_METHOD_MATCH = YES;
				COPY_PHASE_STRIP = NO;
				DEBUG_INFORMATION_FORMAT = dwarf;
				ENABLE_STRICT_OBJC_MSGSEND = YES;
				ENABLE_TESTABILITY = YES;
				ENABLE_USER_SCRIPT_SANDBOXING = YES;
				GCC_C_LANGUAGE_STANDARD = gnu17;
				GCC_DYNAMIC_NO_PIC = NO;
				GCC_NO_COMMON_BLOCKS = YES;
				GCC_OPTIMIZATION_LEVEL = 0;
				GCC_PREPROCESSOR_DEFINITIONS = (
					"DEBUG=1",
					"$(inherited)",
				);
				GCC_WARN_64_TO_32_BIT_CONVERSION = YES;
				GCC_WARN_ABOUT_RETURN_TYPE = YES_ERROR;
				GCC_WARN_UNDECLARED_SELECTOR = YES;
				GCC_WARN_UNINITIALIZED_AUTOS = YES_AGGRESSIVE;
				GCC_WARN_UNUSED_FUNCTION = YES;
				GCC_WARN_UNUSED_VARIABLE = YES;
				IPHONEOS_DEPLOYMENT_TARGET = 17.5;
				LOCALIZATION_PREFERS_STRING_CATALOGS = YES;
				MTL_ENABLE_DEBUG_INFO = INCLUDE_SOURCE;
				MTL_FAST_MATH = YES;
				ONLY_ACTIVE_ARCH = YES;
				SDKROOT = iphoneos;
				SWIFT_ACTIVE_COMPILATION_CONDITIONS = "DEBUG $(inherited)";
				SWIFT_OPTIMIZATION_LEVEL = "-Onone";
			};
			name = Debug;
		};
		211869252C52D0EA00A1918C /* Release */ = {
			isa = XCBuildConfiguration;
			buildSettings = {
				ALWAYS_SEARCH_USER_PATHS = NO;
				ASSETCATALOG_COMPILER_GENERATE_SWIFT_ASSET_SYMBOL_EXTENSIONS = YES;
				CLANG_ANALYZER_NONNULL = YES;
				CLANG_ANALYZER_NUMBER_OBJECT_CONVERSION = YES_AGGRESSIVE;
				CLANG_CXX_LANGUAGE_STANDARD = "gnu++20";
				CLANG_ENABLE_MODULES = YES;
				CLANG_ENABLE_OBJC_ARC = YES;
				CLANG_ENABLE_OBJC_WEAK = YES;
				CLANG_WARN_BLOCK_CAPTURE_AUTORELEASING = YES;
				CLANG_WARN_BOOL_CONVERSION = YES;
				CLANG_WARN_COMMA = YES;
				CLANG_WARN_CONSTANT_CONVERSION = YES;
				CLANG_WARN_DEPRECATED_OBJC_IMPLEMENTATIONS = YES;
				CLANG_WARN_DIRECT_OBJC_ISA_USAGE = YES_ERROR;
				CLANG_WARN_DOCUMENTATION_COMMENTS = YES;
				CLANG_WARN_EMPTY_BODY = YES;
				CLANG_WARN_ENUM_CONVERSION = YES;
				CLANG_WARN_INFINITE_RECURSION = YES;
				CLANG_WARN_INT_CONVERSION = YES;
				CLANG_WARN_NON_LITERAL_NULL_CONVERSION = YES;
				CLANG_WARN_OBJC_IMPLICIT_RETAIN_SELF = YES;
				CLANG_WARN_OBJC_LITERAL_CONVERSION = YES;
				CLANG_WARN_OBJC_ROOT_CLASS = YES_ERROR;
				CLANG_WARN_QUOTED_INCLUDE_IN_FRAMEWORK_HEADER = YES;
				CLANG_WARN_RANGE_LOOP_ANALYSIS = YES;
				CLANG_WARN_STRICT_PROTOTYPES = YES;
				CLANG_WARN_SUSPICIOUS_MOVE = YES;
				CLANG_WARN_UNGUARDED_AVAILABILITY = YES_AGGRESSIVE;
				CLANG_WARN_UNREACHABLE_CODE = YES;
				CLANG_WARN__DUPLICATE_METHOD_MATCH = YES;
				COPY_PHASE_STRIP = NO;
				DEBUG_INFORMATION_FORMAT = "dwarf-with-dsym";
				ENABLE_NS_ASSERTIONS = NO;
				ENABLE_STRICT_OBJC_MSGSEND = YES;
				ENABLE_USER_SCRIPT_SANDBOXING = YES;
				GCC_C_LANGUAGE_STANDARD = gnu17;
				GCC_NO_COMMON_BLOCKS = YES;
				GCC_WARN_64_TO_32_BIT_CONVERSION = YES;
				GCC_WARN_ABOUT_RETURN_TYPE = YES_ERROR;
				GCC_WARN_UNDECLARED_SELECTOR = YES;
				GCC_WARN_UNINITIALIZED_AUTOS = YES_AGGRESSIVE;
				GCC_WARN_UNUSED_FUNCTION = YES;
				GCC_WARN_UNUSED_VARIABLE = YES;
				IPHONEOS_DEPLOYMENT_TARGET = 17.5;
				LOCALIZATION_PREFERS_STRING_CATALOGS = YES;
				MTL_ENABLE_DEBUG_INFO = NO;
				MTL_FAST_MATH = YES;
				SDKROOT = iphoneos;
				SWIFT_COMPILATION_MODE = wholemodule;
				VALIDATE_PRODUCT = YES;
			};
			name = Release;
		};
		211869272C52D0EA00A1918C /* Debug */ = {
			isa = XCBuildConfiguration;
			buildSettings = {
				ASSETCATALOG_COMPILER_APPICON_NAME = AppIcon;
				ASSETCATALOG_COMPILER_GLOBAL_ACCENT_COLOR_NAME = AccentColor;
				CODE_SIGN_STYLE = Automatic;
				CURRENT_PROJECT_VERSION = 1;
				GENERATE_INFOPLIST_FILE = YES;
				INFOPLIST_FILE = ToDO/Info.plist;
				INFOPLIST_KEY_UIApplicationSupportsIndirectInputEvents = YES;
				INFOPLIST_KEY_UILaunchStoryboardName = LaunchScreen;
				INFOPLIST_KEY_UIMainStoryboardFile = Main;
				INFOPLIST_KEY_UISupportedInterfaceOrientations_iPad = "UIInterfaceOrientationPortrait UIInterfaceOrientationPortraitUpsideDown UIInterfaceOrientationLandscapeLeft UIInterfaceOrientationLandscapeRight";
				INFOPLIST_KEY_UISupportedInterfaceOrientations_iPhone = "UIInterfaceOrientationPortrait UIInterfaceOrientationLandscapeLeft UIInterfaceOrientationLandscapeRight";
				LD_RUNPATH_SEARCH_PATHS = (
					"$(inherited)",
					"@executable_path/Frameworks",
				);
				MARKETING_VERSION = 1.0;
				PRODUCT_BUNDLE_IDENTIFIER = ca.humber.ToDO;
				PRODUCT_NAME = "$(TARGET_NAME)";
				SWIFT_EMIT_LOC_STRINGS = YES;
				SWIFT_VERSION = 5.0;
				TARGETED_DEVICE_FAMILY = "1,2";
			};
			name = Debug;
		};
		211869282C52D0EA00A1918C /* Release */ = {
			isa = XCBuildConfiguration;
			buildSettings = {
				ASSETCATALOG_COMPILER_APPICON_NAME = AppIcon;
				ASSETCATALOG_COMPILER_GLOBAL_ACCENT_COLOR_NAME = AccentColor;
				CODE_SIGN_STYLE = Automatic;
				CURRENT_PROJECT_VERSION = 1;
				GENERATE_INFOPLIST_FILE = YES;
				INFOPLIST_FILE = ToDO/Info.plist;
				INFOPLIST_KEY_UIApplicationSupportsIndirectInputEvents = YES;
				INFOPLIST_KEY_UILaunchStoryboardName = LaunchScreen;
				INFOPLIST_KEY_UIMainStoryboardFile = Main;
				INFOPLIST_KEY_UISupportedInterfaceOrientations_iPad = "UIInterfaceOrientationPortrait UIInterfaceOrientationPortraitUpsideDown UIInterfaceOrientationLandscapeLeft UIInterfaceOrientationLandscapeRight";
				INFOPLIST_KEY_UISupportedInterfaceOrientations_iPhone = "UIInterfaceOrientationPortrait UIInterfaceOrientationLandscapeLeft UIInterfaceOrientationLandscapeRight";
				LD_RUNPATH_SEARCH_PATHS = (
					"$(inherited)",
					"@executable_path/Frameworks",
				);
				MARKETING_VERSION = 1.0;
				PRODUCT_BUNDLE_IDENTIFIER = ca.humber.ToDO;
				PRODUCT_NAME = "$(TARGET_NAME)";
				SWIFT_EMIT_LOC_STRINGS = YES;
				SWIFT_VERSION = 5.0;
				TARGETED_DEVICE_FAMILY = "1,2";
			};
			name = Release;
		};
/* End XCBuildConfiguration section */

/* Begin XCConfigurationList section */
		2118690A2C52D0E800A1918C /* Build configuration list for PBXProject "ToDO" */ = {
			isa = XCConfigurationList;
			buildConfigurations = (
				211869242C52D0EA00A1918C /* Debug */,
				211869252C52D0EA00A1918C /* Release */,
			);
			defaultConfigurationIsVisible = 0;
			defaultConfigurationName = Release;
		};
		211869262C52D0EA00A1918C /* Build configuration list for PBXNativeTarget "ToDO" */ = {
			isa = XCConfigurationList;
			buildConfigurations = (
				211869272C52D0EA00A1918C /* Debug */,
				211869282C52D0EA00A1918C /* Release */,
			);
			defaultConfigurationIsVisible = 0;
			defaultConfigurationName = Release;
		};
/* End XCConfigurationList section */

/* Begin XCVersionGroup section */
		2118691B2C52D0E800A1918C /* ToDO.xcdatamodeld */ = {
			isa = XCVersionGroup;
			children = (
				2118691C2C52D0E800A1918C /* ToDO.xcdatamodel */,
			);
			currentVersion = 2118691C2C52D0E800A1918C /* ToDO.xcdatamodel */;
			path = ToDO.xcdatamodeld;
			sourceTree = "<group>";
			versionGroupType = wrapper.xcdatamodel;
		};
/* End XCVersionGroup section */
	};
	rootObject = 211869072C52D0E800A1918C /* Project object */;
}
